<Solution>
  <Folder Name="/src/">
    <Project Path="src/ImzaKit.Agent/ImzaKit.Agent.csproj" />
    <Project Path="src/ImzaKit.Api/ImzaKit.Api.csproj" />
    <Project Path="src/ImzaKit.Core/ImzaKit.Core.csproj" />
    <Project Path="src/ImzaKit.Cryptography/ImzaKit.Cryptography.csproj" />
    <Project Path="src/ImzaKit.Cms/ImzaKit.Cms.csproj" />
    <Project Path="src/ImzaKit.Certificate/ImzaKit.Certificate.csproj" />
    <Project Path="src/ImzaKit.PAdES/ImzaKit.PAdES.csproj" />
    <Project Path="src/ImzaKit.Pkcs11/ImzaKit.Pkcs11.csproj" />
    <Project Path="src/ImzaKit.Revocation/ImzaKit.Revocation.csproj" />
    <Project Path="src/ImzaKit.Trust/ImzaKit.Trust.csproj" />
    <Project Path="src/ImzaKit.DependencyInjection/ImzaKit.DependencyInjection.csproj" />
    <Project Path="src/ImzaKit.Verify/ImzaKit.Verify.csproj" />
    <Project Path="src/ImzaKit.Hosts.Api/ImzaKit.Hosts.Api.csproj" />
    </Folder>
  <Folder Name="/packaging/">
    <Project Path="packaging/ImzaKit/ImzaKit.csproj" />
    <Project Path="packaging/ImzaKit.Release/ImzaKit.Release.csproj" />
  </Folder>
  <Folder Name="/tests/">
    <Project Path="tests/ImzaKit.Agent.Tests/ImzaKit.Agent.Tests.csproj" />
    <Project Path="tests/ImzaKit.Api.Tests/ImzaKit.Api.Tests.csproj" />
    <Project Path="tests/ImzaKit.Core.Tests/ImzaKit.Core.Tests.csproj" />
    <Project Path="tests/ImzaKit.Cryptography.Tests/ImzaKit.Cryptography.Tests.csproj" />
    <Project Path="tests/ImzaKit.Cms.Tests/ImzaKit.Cms.Tests.csproj" />
    <Project Path="tests/ImzaKit.Certificate.Tests/ImzaKit.Certificate.Tests.csproj" />
    <Project Path="tests/ImzaKit.PAdES.Tests/ImzaKit.PAdES.Tests.csproj" />
    <Project Path="tests/ImzaKit.Pkcs11.Tests/ImzaKit.Pkcs11.Tests.csproj" />
    <Project Path="tests/ImzaKit.Revocation.Tests/ImzaKit.Revocation.Tests.csproj" />
    <Project Path="tests/ImzaKit.Trust.Tests/ImzaKit.Trust.Tests.csproj" />
    <Project Path="tests/ImzaKit.Verify.Tests/ImzaKit.Verify.Tests.csproj" />
    <Project Path="tests/ImzaKit.Release.Tests/ImzaKit.Release.Tests.csproj" />
    <Project Path="tests/ImzaKit.Testing/ImzaKit.Testing.csproj" />
  </Folder>
</Solution>
